
Microsoft Visual Studio Solution File, Format Version 12.00
# Visual Studio 2012
Project("{FAE04EC0-301F-11D3-BF4B-00C04F79EFBC}") = "busroutes", "busroutes\busroutes.csproj", "{1812CFA5-B509-4CD9-82BB-27D4739A6FE7}"
EndProject
Project("{FAE04EC0-301F-11D3-BF4B-00C04F79EFBC}") = "busroutes.iOS", "iOS\busroutes.iOS.csproj", "{0676394C-3C3D-4B06-8B79-54E0CFD4D7C6}"
EndProject
Project("{FAE04EC0-301F-11D3-BF4B-00C04F79EFBC}") = "busroutes.Droid", "Droid\busroutes.Droid.csproj", "{2DED30A2-4222-4E43-B40C-F2CC57CE5C9F}"
EndProject
Project("{FAE04EC0-301F-11D3-BF4B-00C04F79EFBC}") = "busroutes.UITests", "UITests\busroutes.UITests.csproj", "{4543125E-6400-4EE6-A26C-844EF11FB899}"
EndProject
Global
	GlobalSection(SolutionConfigurationPlatforms) = preSolution
		Debug|Any CPU = Debug|Any CPU
		Release|Any CPU = Release|Any CPU
		Debug|iPhoneSimulator = Debug|iPhoneSimulator
		Release|iPhone = Release|iPhone
		Release|iPhoneSimulator = Release|iPhoneSimulator
		Debug|iPhone = Debug|iPhone
	EndGlobalSection
	GlobalSection(ProjectConfigurationPlatforms) = postSolution
		{0676394C-3C3D-4B06-8B79-54E0CFD4D7C6}.Debug|Any CPU.ActiveCfg = Debug|iPhoneSimulator
		{0676394C-3C3D-4B06-8B79-54E0CFD4D7C6}.Debug|Any CPU.Build.0 = Debug|iPhoneSimulator
		{0676394C-3C3D-4B06-8B79-54E0CFD4D7C6}.Debug|iPhone.ActiveCfg = Debug|iPhone
		{0676394C-3C3D-4B06-8B79-54E0CFD4D7C6}.Debug|iPhone.Build.0 = Debug|iPhone
		{0676394C-3C3D-4B06-8B79-54E0CFD4D7C6}.Debug|iPhoneSimulator.ActiveCfg = Debug|iPhoneSimulator
		{0676394C-3C3D-4B06-8B79-54E0CFD4D7C6}.Debug|iPhoneSimulator.Build.0 = Debug|iPhoneSimulator
		{0676394C-3C3D-4B06-8B79-54E0CFD4D7C6}.Release|Any CPU.ActiveCfg = Release|iPhone
		{0676394C-3C3D-4B06-8B79-54E0CFD4D7C6}.Release|Any CPU.Build.0 = Release|iPhone
		{0676394C-3C3D-4B06-8B79-54E0CFD4D7C6}.Release|iPhone.ActiveCfg = Release|iPhone
		{0676394C-3C3D-4B06-8B79-54E0CFD4D7C6}.Release|iPhone.Build.0 = Release|iPhone
		{0676394C-3C3D-4B06-8B79-54E0CFD4D7C6}.Release|iPhoneSimulator.ActiveCfg = Release|iPhoneSimulator
		{0676394C-3C3D-4B06-8B79-54E0CFD4D7C6}.Release|iPhoneSimulator.Build.0 = Release|iPhoneSimulator
		{1812CFA5-B509-4CD9-82BB-27D4739A6FE7}.Debug|Any CPU.ActiveCfg = Debug|Any CPU
		{1812CFA5-B509-4CD9-82BB-27D4739A6FE7}.Debug|Any CPU.Build.0 = Debug|Any CPU
		{1812CFA5-B509-4CD9-82BB-27D4739A6FE7}.Debug|iPhone.ActiveCfg = Debug|Any CPU
		{1812CFA5-B509-4CD9-82BB-27D4739A6FE7}.Debug|iPhone.Build.0 = Debug|Any CPU
		{1812CFA5-B509-4CD9-82BB-27D4739A6FE7}.Debug|iPhoneSimulator.ActiveCfg = Debug|Any CPU
		{1812CFA5-B509-4CD9-82BB-27D4739A6FE7}.Debug|iPhoneSimulator.Build.0 = Debug|Any CPU
		{1812CFA5-B509-4CD9-82BB-27D4739A6FE7}.Release|Any CPU.ActiveCfg = Release|Any CPU
		{1812CFA5-B509-4CD9-82BB-27D4739A6FE7}.Release|Any CPU.Build.0 = Release|Any CPU
		{1812CFA5-B509-4CD9-82BB-27D4739A6FE7}.Release|iPhone.ActiveCfg = Release|Any CPU
		{1812CFA5-B509-4CD9-82BB-27D4739A6FE7}.Release|iPhone.Build.0 = Release|Any CPU
		{1812CFA5-B509-4CD9-82BB-27D4739A6FE7}.Release|iPhoneSimulator.ActiveCfg = Release|Any CPU
		{1812CFA5-B509-4CD9-82BB-27D4739A6FE7}.Release|iPhoneSimulator.Build.0 = Release|Any CPU
		{2DED30A2-4222-4E43-B40C-F2CC57CE5C9F}.Debug|Any CPU.ActiveCfg = Debug|Any CPU
		{2DED30A2-4222-4E43-B40C-F2CC57CE5C9F}.Debug|Any CPU.Build.0 = Debug|Any CPU
		{2DED30A2-4222-4E43-B40C-F2CC57CE5C9F}.Debug|iPhone.ActiveCfg = Debug|Any CPU
		{2DED30A2-4222-4E43-B40C-F2CC57CE5C9F}.Debug|iPhone.Build.0 = Debug|Any CPU
		{2DED30A2-4222-4E43-B40C-F2CC57CE5C9F}.Debug|iPhoneSimulator.ActiveCfg = Debug|Any CPU
		{2DED30A2-4222-4E43-B40C-F2CC57CE5C9F}.Debug|iPhoneSimulator.Build.0 = Debug|Any CPU
		{2DED30A2-4222-4E43-B40C-F2CC57CE5C9F}.Release|Any CPU.ActiveCfg = Release|Any CPU
		{2DED30A2-4222-4E43-B40C-F2CC57CE5C9F}.Release|Any CPU.Build.0 = Release|Any CPU
		{2DED30A2-4222-4E43-B40C-F2CC57CE5C9F}.Release|iPhone.ActiveCfg = Release|Any CPU
		{2DED30A2-4222-4E43-B40C-F2CC57CE5C9F}.Release|iPhone.Build.0 = Release|Any CPU
		{2DED30A2-4222-4E43-B40C-F2CC57CE5C9F}.Release|iPhoneSimulator.ActiveCfg = Release|Any CPU
		{2DED30A2-4222-4E43-B40C-F2CC57CE5C9F}.Release|iPhoneSimulator.Build.0 = Release|Any CPU
		{4543125E-6400-4EE6-A26C-844EF11FB899}.Debug|Any CPU.ActiveCfg = Debug|Any CPU
		{4543125E-6400-4EE6-A26C-844EF11FB899}.Debug|Any CPU.Build.0 = Debug|Any CPU
		{4543125E-6400-4EE6-A26C-844EF11FB899}.Debug|iPhone.ActiveCfg = Debug|Any CPU
		{4543125E-6400-4EE6-A26C-844EF11FB899}.Debug|iPhone.Build.0 = Debug|Any CPU
		{4543125E-6400-4EE6-A26C-844EF11FB899}.Debug|iPhoneSimulator.ActiveCfg = Debug|Any CPU
		{4543125E-6400-4EE6-A26C-844EF11FB899}.Debug|iPhoneSimulator.Build.0 = Debug|Any CPU
		{4543125E-6400-4EE6-A26C-844EF11FB899}.Release|Any CPU.ActiveCfg = Release|Any CPU
		{4543125E-6400-4EE6-A26C-844EF11FB899}.Release|Any CPU.Build.0 = Release|Any CPU
		{4543125E-6400-4EE6-A26C-844EF11FB899}.Release|iPhone.ActiveCfg = Release|Any CPU
		{4543125E-6400-4EE6-A26C-844EF11FB899}.Release|iPhone.Build.0 = Release|Any CPU
		{4543125E-6400-4EE6-A26C-844EF11FB899}.Release|iPhoneSimulator.ActiveCfg = Release|Any CPU
		{4543125E-6400-4EE6-A26C-844EF11FB899}.Release|iPhoneSimulator.Build.0 = Release|Any CPU
	EndGlobalSection
EndGlobal
